
Microsoft Visual Studio Solution File, Format Version 12.00
# Visual Studio Version 16
VisualStudioVersion = 16.0.30523.141
MinimumVisualStudioVersion = 10.0.40219.1
Project("{FAE04EC0-301F-11D3-BF4B-00C04F79EFBC}") = "UninstallMinidumpLsass", "UninstallMinidumpLsass\UninstallMinidumpLsass.csproj", "{A705FA11-3685-43B2-B1EB-184A2F3BE3B1}"
EndProject
Global
	GlobalSection(SolutionConfigurationPlatforms) = preSolution
		Debug|Any CPU = Debug|Any CPU
		Release|Any CPU = Release|Any CPU
	EndGlobalSection
	GlobalSection(ProjectConfigurationPlatforms) = postSolution
		{A705FA11-3685-43B2-B1EB-184A2F3BE3B1}.Debug|Any CPU.ActiveCfg = Debug|Any CPU
		{A705FA11-3685-43B2-B1EB-184A2F3BE3B1}.Debug|Any CPU.Build.0 = Debug|Any CPU
		{A705FA11-3685-43B2-B1EB-184A2F3BE3B1}.Release|Any CPU.ActiveCfg = Release|Any CPU
		{A705FA11-3685-43B2-B1EB-184A2F3BE3B1}.Release|Any CPU.Build.0 = Release|Any CPU
	EndGlobalSection
	GlobalSection(SolutionProperties) = preSolution
		HideSolutionNode = FALSE
	EndGlobalSection
	GlobalSection(ExtensibilityGlobals) = postSolution
		SolutionGuid = {04A8CE13-B266-4647-9E51-1B584EE47B07}
	EndGlobalSection
EndGlobal
